// !$*UTF8*$!
{
	archiveVersion = 1;
	classes = {
	};
	objectVersion = 46;
	objects = {

/* Begin PBXBuildFile section */
		B401FC6D183170250089FC4C /* UIColor+RDVToolkitAdditions.m in Sources */ = {isa = PBXBuildFile; fileRef = B401FC6C183170250089FC4C /* UIColor+RDVToolkitAdditions.m */; };
		B4192737180931A900CDA378 /* RDVMenuViewController.m in Sources */ = {isa = PBXBuildFile; fileRef = B4192736180931A900CDA378 /* RDVMenuViewController.m */; };
		B42421BF1834271200B22E88 /* RDVMenuCell.m in Sources */ = {isa = PBXBuildFile; fileRef = B42421BE1834271200B22E88 /* RDVMenuCell.m */; };
		B42421C21834273300B22E88 /* RDVCircularImageView.m in Sources */ = {isa = PBXBuildFile; fileRef = B42421C11834273300B22E88 /* RDVCircularImageView.m */; };
		B42CD15318092D45004032A4 /* InfoPlist.strings in Resources */ = {isa = PBXBuildFile; fileRef = B42CD14C18092D45004032A4 /* InfoPlist.strings */; };
		B42CD15418092D45004032A4 /* main.m in Sources */ = {isa = PBXBuildFile; fileRef = B42CD14E18092D45004032A4 /* main.m */; };
		B42CD15A18092DCA004032A4 /* Default-568h@2x.png in Resources */ = {isa = PBXBuildFile; fileRef = B42CD15918092DCA004032A4 /* Default-568h@2x.png */; };
		B42CD16118092F51004032A4 /* RDVAppDelegate.m in Sources */ = {isa = PBXBuildFile; fileRef = B42CD16018092F51004032A4 /* RDVAppDelegate.m */; };
		B42CD16418092F73004032A4 /* LICENSE in Resources */ = {isa = PBXBuildFile; fileRef = B42CD16218092F73004032A4 /* LICENSE */; };
		B42CD16518092F73004032A4 /* README.md in Resources */ = {isa = PBXBuildFile; fileRef = B42CD16318092F73004032A4 /* README.md */; };
		B43C52041807F4C5004A50CE /* Foundation.framework in Frameworks */ = {isa = PBXBuildFile; fileRef = B43C52031807F4C5004A50CE /* Foundation.framework */; };
		B43C52061807F4C5004A50CE /* CoreGraphics.framework in Frameworks */ = {isa = PBXBuildFile; fileRef = B43C52051807F4C5004A50CE /* CoreGraphics.framework */; };
		B43C52081807F4C5004A50CE /* UIKit.framework in Frameworks */ = {isa = PBXBuildFile; fileRef = B43C52071807F4C5004A50CE /* UIKit.framework */; };
		B44D341B180A784E0026501A /* selectionview_selection_indicator.png in Resources */ = {isa = PBXBuildFile; fileRef = B44D3419180A784E0026501A /* selectionview_selection_indicator.png */; };
		B44D341C180A784E0026501A /* selectionview_selection_indicator@2x.png in Resources */ = {isa = PBXBuildFile; fileRef = B44D341A180A784E0026501A /* selectionview_selection_indicator@2x.png */; };
		B463851D1809F95A00ED7454 /* UIDevice+RDVToolkitAdditions.m in Sources */ = {isa = PBXBuildFile; fileRef = B46385091809F95A00ED7454 /* UIDevice+RDVToolkitAdditions.m */; };
		B463851E1809F95A00ED7454 /* UIFont+RDVToolkitAdditions.m in Sources */ = {isa = PBXBuildFile; fileRef = B463850B1809F95A00ED7454 /* UIFont+RDVToolkitAdditions.m */; };
		B463851F1809F95A00ED7454 /* UITableViewCell+RDVToolkitAdditions.m in Sources */ = {isa = PBXBuildFile; fileRef = B463850D1809F95A00ED7454 /* UITableViewCell+RDVToolkitAdditions.m */; };
		B46385201809F95A00ED7454 /* UIViewController+RDVToolkitAdditions.m in Sources */ = {isa = PBXBuildFile; fileRef = B463850F1809F95A00ED7454 /* UIViewController+RDVToolkitAdditions.m */; };
		B46385211809F95A00ED7454 /* RDVScrollViewController.m in Sources */ = {isa = PBXBuildFile; fileRef = B46385121809F95A00ED7454 /* RDVScrollViewController.m */; };
		B46385221809F95A00ED7454 /* RDVTableViewController.m in Sources */ = {isa = PBXBuildFile; fileRef = B46385141809F95A00ED7454 /* RDVTableViewController.m */; };
		B46385231809F95A00ED7454 /* RDVNotificationView.m in Sources */ = {isa = PBXBuildFile; fileRef = B46385171809F95A00ED7454 /* RDVNotificationView.m */; };
		B46385241809F95A00ED7454 /* RDVSelectionView.m in Sources */ = {isa = PBXBuildFile; fileRef = B46385191809F95A00ED7454 /* RDVSelectionView.m */; };
/* End PBXBuildFile section */

/* Begin PBXFileReference section */
		B401FC6B183170250089FC4C /* UIColor+RDVToolkitAdditions.h */ = {isa = PBXFileReference; fileEncoding = 4; lastKnownFileType = sourcecode.c.h; path = "UIColor+RDVToolkitAdditions.h"; sourceTree = "<group>"; };
		B401FC6C183170250089FC4C /* UIColor+RDVToolkitAdditions.m */ = {isa = PBXFileReference; fileEncoding = 4; lastKnownFileType = sourcecode.c.objc; path = "UIColor+RDVToolkitAdditions.m"; sourceTree = "<group>"; };
		B4192735180931A900CDA378 /* RDVMenuViewController.h */ = {isa = PBXFileReference; fileEncoding = 4; lastKnownFileType = sourcecode.c.h; path = RDVMenuViewController.h; sourceTree = "<group>"; };
		B4192736180931A900CDA378 /* RDVMenuViewController.m */ = {isa = PBXFileReference; fileEncoding = 4; lastKnownFileType = sourcecode.c.objc; path = RDVMenuViewController.m; sourceTree = "<group>"; };
		B42421BD1834271200B22E88 /* RDVMenuCell.h */ = {isa = PBXFileReference; fileEncoding = 4; lastKnownFileType = sourcecode.c.h; path = RDVMenuCell.h; sourceTree = "<group>"; };
		B42421BE1834271200B22E88 /* RDVMenuCell.m */ = {isa = PBXFileReference; fileEncoding = 4; lastKnownFileType = sourcecode.c.objc; path = RDVMenuCell.m; sourceTree = "<group>"; };
		B42421C01834273300B22E88 /* RDVCircularImageView.h */ = {isa = PBXFileReference; fileEncoding = 4; lastKnownFileType = sourcecode.c.h; path = RDVCircularImageView.h; sourceTree = "<group>"; };
		B42421C11834273300B22E88 /* RDVCircularImageView.m */ = {isa = PBXFileReference; fileEncoding = 4; lastKnownFileType = sourcecode.c.objc; path = RDVCircularImageView.m; sourceTree = "<group>"; };
		B42CD14D18092D45004032A4 /* en */ = {isa = PBXFileReference; lastKnownFileType = text.plist.strings; name = en; path = en.lproj/InfoPlist.strings; sourceTree = "<group>"; };
		B42CD14E18092D45004032A4 /* main.m */ = {isa = PBXFileReference; fileEncoding = 4; lastKnownFileType = sourcecode.c.objc; path = main.m; sourceTree = "<group>"; };
		B42CD15118092D45004032A4 /* RDVToolkit-Info.plist */ = {isa = PBXFileReference; fileEncoding = 4; lastKnownFileType = text.plist.xml; path = "RDVToolkit-Info.plist"; sourceTree = "<group>"; };
		B42CD15218092D45004032A4 /* RDVToolkit-Prefix.pch */ = {isa = PBXFileReference; fileEncoding = 4; lastKnownFileType = sourcecode.c.h; path = "RDVToolkit-Prefix.pch"; sourceTree = "<group>"; };
		B42CD15918092DCA004032A4 /* Default-568h@2x.png */ = {isa = PBXFileReference; lastKnownFileType = image.png; path = "Default-568h@2x.png"; sourceTree = "<group>"; };
		B42CD15F18092F51004032A4 /* RDVAppDelegate.h */ = {isa = PBXFileReference; fileEncoding = 4; lastKnownFileType = sourcecode.c.h; path = RDVAppDelegate.h; sourceTree = "<group>"; };
		B42CD16018092F51004032A4 /* RDVAppDelegate.m */ = {isa = PBXFileReference; fileEncoding = 4; lastKnownFileType = sourcecode.c.objc; path = RDVAppDelegate.m; sourceTree = "<group>"; };
		B42CD16218092F73004032A4 /* LICENSE */ = {isa = PBXFileReference; fileEncoding = 4; lastKnownFileType = text; path = LICENSE; sourceTree = "<group>"; };
		B42CD16318092F73004032A4 /* README.md */ = {isa = PBXFileReference; fileEncoding = 4; lastKnownFileType = text; path = README.md; sourceTree = "<group>"; };
		B43C52001807F4C5004A50CE /* RDVToolkit.app */ = {isa = PBXFileReference; explicitFileType = wrapper.application; includeInIndex = 0; path = RDVToolkit.app; sourceTree = BUILT_PRODUCTS_DIR; };
		B43C52031807F4C5004A50CE /* Foundation.framework */ = {isa = PBXFileReference; lastKnownFileType = wrapper.framework; name = Foundation.framework; path = System/Library/Frameworks/Foundation.framework; sourceTree = SDKROOT; };
		B43C52051807F4C5004A50CE /* CoreGraphics.framework */ = {isa = PBXFileReference; lastKnownFileType = wrapper.framework; name = CoreGraphics.framework; path = System/Library/Frameworks/CoreGraphics.framework; sourceTree = SDKROOT; };
		B43C52071807F4C5004A50CE /* UIKit.framework */ = {isa = PBXFileReference; lastKnownFileType = wrapper.framework; name = UIKit.framework; path = System/Library/Frameworks/UIKit.framework; sourceTree = SDKROOT; };
		B43C521C1807F4C5004A50CE /* XCTest.framework */ = {isa = PBXFileReference; lastKnownFileType = wrapper.framework; name = XCTest.framework; path = Library/Frameworks/XCTest.framework; sourceTree = DEVELOPER_DIR; };
		B44D3419180A784E0026501A /* selectionview_selection_indicator.png */ = {isa = PBXFileReference; lastKnownFileType = image.png; path = selectionview_selection_indicator.png; sourceTree = "<group>"; };
		B44D341A180A784E0026501A /* selectionview_selection_indicator@2x.png */ = {isa = PBXFileReference; lastKnownFileType = image.png; path = "selectionview_selection_indicator@2x.png"; sourceTree = "<group>"; };
		B46385081809F95A00ED7454 /* UIDevice+RDVToolkitAdditions.h */ = {isa = PBXFileReference; fileEncoding = 4; lastKnownFileType = sourcecode.c.h; path = "UIDevice+RDVToolkitAdditions.h"; sourceTree = "<group>"; };
		B46385091809F95A00ED7454 /* UIDevice+RDVToolkitAdditions.m */ = {isa = PBXFileReference; fileEncoding = 4; lastKnownFileType = sourcecode.c.objc; path = "UIDevice+RDVToolkitAdditions.m"; sourceTree = "<group>"; };
		B463850A1809F95A00ED7454 /* UIFont+RDVToolkitAdditions.h */ = {isa = PBXFileReference; fileEncoding = 4; lastKnownFileType = sourcecode.c.h; path = "UIFont+RDVToolkitAdditions.h"; sourceTree = "<group>"; };
		B463850B1809F95A00ED7454 /* UIFont+RDVToolkitAdditions.m */ = {isa = PBXFileReference; fileEncoding = 4; lastKnownFileType = sourcecode.c.objc; path = "UIFont+RDVToolkitAdditions.m"; sourceTree = "<group>"; };
		B463850C1809F95A00ED7454 /* UITableViewCell+RDVToolkitAdditions.h */ = {isa = PBXFileReference; fileEncoding = 4; lastKnownFileType = sourcecode.c.h; path = "UITableViewCell+RDVToolkitAdditions.h"; sourceTree = "<group>"; };
		B463850D1809F95A00ED7454 /* UITableViewCell+RDVToolkitAdditions.m */ = {isa = PBXFileReference; fileEncoding = 4; lastKnownFileType = sourcecode.c.objc; path = "UITableViewCell+RDVToolkitAdditions.m"; sourceTree = "<group>"; };
		B463850E1809F95A00ED7454 /* UIViewController+RDVToolkitAdditions.h */ = {isa = PBXFileReference; fileEncoding = 4; lastKnownFileType = sourcecode.c.h; path = "UIViewController+RDVToolkitAdditions.h"; sourceTree = "<group>"; };
		B463850F1809F95A00ED7454 /* UIViewController+RDVToolkitAdditions.m */ = {isa = PBXFileReference; fileEncoding = 4; lastKnownFileType = sourcecode.c.objc; path = "UIViewController+RDVToolkitAdditions.m"; sourceTree = "<group>"; };
		B46385111809F95A00ED7454 /* RDVScrollViewController.h */ = {isa = PBXFileReference; fileEncoding = 4; lastKnownFileType = sourcecode.c.h; path = RDVScrollViewController.h; sourceTree = "<group>"; };
		B46385121809F95A00ED7454 /* RDVScrollViewController.m */ = {isa = PBXFileReference; fileEncoding = 4; lastKnownFileType = sourcecode.c.objc; path = RDVScrollViewController.m; sourceTree = "<group>"; };
		B46385131809F95A00ED7454 /* RDVTableViewController.h */ = {isa = PBXFileReference; fileEncoding = 4; lastKnownFileType = sourcecode.c.h; path = RDVTableViewController.h; sourceTree = "<group>"; };
		B46385141809F95A00ED7454 /* RDVTableViewController.m */ = {isa = PBXFileReference; fileEncoding = 4; lastKnownFileType = sourcecode.c.objc; path = RDVTableViewController.m; sourceTree = "<group>"; };
		B46385161809F95A00ED7454 /* RDVNotificationView.h */ = {isa = PBXFileReference; fileEncoding = 4; lastKnownFileType = sourcecode.c.h; path = RDVNotificationView.h; sourceTree = "<group>"; };
		B46385171809F95A00ED7454 /* RDVNotificationView.m */ = {isa = PBXFileReference; fileEncoding = 4; lastKnownFileType = sourcecode.c.objc; path = RDVNotificationView.m; sourceTree = "<group>"; };
		B46385181809F95A00ED7454 /* RDVSelectionView.h */ = {isa = PBXFileReference; fileEncoding = 4; lastKnownFileType = sourcecode.c.h; path = RDVSelectionView.h; sourceTree = "<group>"; };
		B46385191809F95A00ED7454 /* RDVSelectionView.m */ = {isa = PBXFileReference; fileEncoding = 4; lastKnownFileType = sourcecode.c.objc; path = RDVSelectionView.m; sourceTree = "<group>"; };
		B463851A1809F95A00ED7454 /* RDVConstants.h */ = {isa = PBXFileReference; fileEncoding = 4; lastKnownFileType = sourcecode.c.h; path = RDVConstants.h; sourceTree = "<group>"; };
		B463851B1809F95A00ED7454 /* RDVToolkit.h */ = {isa = PBXFileReference; fileEncoding = 4; lastKnownFileType = sourcecode.c.h; path = RDVToolkit.h; sourceTree = "<group>"; };
/* End PBXFileReference section */

/* Begin PBXFrameworksBuildPhase section */
		B43C51FD1807F4C5004A50CE /* Frameworks */ = {
			isa = PBXFrameworksBuildPhase;
			buildActionMask = 2147483647;
			files = (
				B43C52061807F4C5004A50CE /* CoreGraphics.framework in Frameworks */,
				B43C52081807F4C5004A50CE /* UIKit.framework in Frameworks */,
				B43C52041807F4C5004A50CE /* Foundation.framework in Frameworks */,
			);
			runOnlyForDeploymentPostprocessing = 0;
		};
/* End PBXFrameworksBuildPhase section */

/* Begin PBXGroup section */
		B42CD14B18092D45004032A4 /* Example */ = {
			isa = PBXGroup;
			children = (
				B42CD15E18092F51004032A4 /* Classes */,
				B42CD15718092D59004032A4 /* Supporting Files */,
			);
			path = Example;
			sourceTree = "<group>";
		};
		B42CD15718092D59004032A4 /* Supporting Files */ = {
			isa = PBXGroup;
			children = (
				B42CD15918092DCA004032A4 /* Default-568h@2x.png */,
				B42CD14C18092D45004032A4 /* InfoPlist.strings */,
				B42CD14E18092D45004032A4 /* main.m */,
				B42CD15118092D45004032A4 /* RDVToolkit-Info.plist */,
				B42CD15218092D45004032A4 /* RDVToolkit-Prefix.pch */,
			);
			name = "Supporting Files";
			sourceTree = "<group>";
		};
		B42CD15E18092F51004032A4 /* Classes */ = {
			isa = PBXGroup;
			children = (
				B42CD15F18092F51004032A4 /* RDVAppDelegate.h */,
				B42CD16018092F51004032A4 /* RDVAppDelegate.m */,
				B4192735180931A900CDA378 /* RDVMenuViewController.h */,
				B4192736180931A900CDA378 /* RDVMenuViewController.m */,
				B42421BD1834271200B22E88 /* RDVMenuCell.h */,
				B42421BE1834271200B22E88 /* RDVMenuCell.m */,
			);
			path = Classes;
			sourceTree = "<group>";
		};
		B43C51F71807F4C5004A50CE = {
			isa = PBXGroup;
			children = (
				B42CD16218092F73004032A4 /* LICENSE */,
				B42CD16318092F73004032A4 /* README.md */,
				B42CD14B18092D45004032A4 /* Example */,
				B43C52091807F4C5004A50CE /* RDVToolkit */,
				B43C52021807F4C5004A50CE /* Frameworks */,
				B43C52011807F4C5004A50CE /* Products */,
			);
			sourceTree = "<group>";
		};
		B43C52011807F4C5004A50CE /* Products */ = {
			isa = PBXGroup;
			children = (
				B43C52001807F4C5004A50CE /* RDVToolkit.app */,
			);
			name = Products;
			sourceTree = "<group>";
		};
		B43C52021807F4C5004A50CE /* Frameworks */ = {
			isa = PBXGroup;
			children = (
				B43C52031807F4C5004A50CE /* Foundation.framework */,
				B43C52051807F4C5004A50CE /* CoreGraphics.framework */,
				B43C52071807F4C5004A50CE /* UIKit.framework */,
				B43C521C1807F4C5004A50CE /* XCTest.framework */,
			);
			name = Frameworks;
			sourceTree = "<group>";
		};
		B43C52091807F4C5004A50CE /* RDVToolkit */ = {
			isa = PBXGroup;
			children = (
				B463851B1809F95A00ED7454 /* RDVToolkit.h */,
				B463851A1809F95A00ED7454 /* RDVConstants.h */,
				B46385061809F95A00ED7454 /* Classes */,
				B463851C1809F95A00ED7454 /* Resources */,
			);
			path = RDVToolkit;
			sourceTree = "<group>";
		};
		B46385061809F95A00ED7454 /* Classes */ = {
			isa = PBXGroup;
			children = (
				B46385071809F95A00ED7454 /* Additions */,
				B46385101809F95A00ED7454 /* Controllers */,
				B46385151809F95A00ED7454 /* Views */,
			);
			path = Classes;
			sourceTree = "<group>";
		};
		B46385071809F95A00ED7454 /* Additions */ = {
			isa = PBXGroup;
			children = (
				B46385081809F95A00ED7454 /* UIDevice+RDVToolkitAdditions.h */,
				B46385091809F95A00ED7454 /* UIDevice+RDVToolkitAdditions.m */,
				B463850A1809F95A00ED7454 /* UIFont+RDVToolkitAdditions.h */,
				B463850B1809F95A00ED7454 /* UIFont+RDVToolkitAdditions.m */,
				B463850C1809F95A00ED7454 /* UITableViewCell+RDVToolkitAdditions.h */,
				B463850D1809F95A00ED7454 /* UITableViewCell+RDVToolkitAdditions.m */,
				B463850E1809F95A00ED7454 /* UIViewController+RDVToolkitAdditions.h */,
				B463850F1809F95A00ED7454 /* UIViewController+RDVToolkitAdditions.m */,
				B401FC6B183170250089FC4C /* UIColor+RDVToolkitAdditions.h */,
				B401FC6C183170250089FC4C /* UIColor+RDVToolkitAdditions.m */,
			);
			path = Additions;
			sourceTree = "<group>";
		};
		B46385101809F95A00ED7454 /* Controllers */ = {
			isa = PBXGroup;
			children = (
				B46385111809F95A00ED7454 /* RDVScrollViewController.h */,
				B46385121809F95A00ED7454 /* RDVScrollViewController.m */,
				B46385131809F95A00ED7454 /* RDVTableViewController.h */,
				B46385141809F95A00ED7454 /* RDVTableViewController.m */,
			);
			path = Controllers;
			sourceTree = "<group>";
		};
		B46385151809F95A00ED7454 /* Views */ = {
			isa = PBXGroup;
			children = (
				B42421C01834273300B22E88 /* RDVCircularImageView.h */,
				B42421C11834273300B22E88 /* RDVCircularImageView.m */,
				B46385161809F95A00ED7454 /* RDVNotificationView.h */,
				B46385171809F95A00ED7454 /* RDVNotificationView.m */,
				B46385181809F95A00ED7454 /* RDVSelectionView.h */,
				B46385191809F95A00ED7454 /* RDVSelectionView.m */,
			);
			path = Views;
			sourceTree = "<group>";
		};
		B463851C1809F95A00ED7454 /* Resources */ = {
			isa = PBXGroup;
			children = (
				B44D3419180A784E0026501A /* selectionview_selection_indicator.png */,
				B44D341A180A784E0026501A /* selectionview_selection_indicator@2x.png */,
			);
			path = Resources;
			sourceTree = "<group>";
		};
/* End PBXGroup section */

/* Begin PBXNativeTarget section */
		B43C51FF1807F4C5004A50CE /* RDVToolkit */ = {
			isa = PBXNativeTarget;
			buildConfigurationList = B43C522C1807F4C5004A50CE /* Build configuration list for PBXNativeTarget "RDVToolkit" */;
			buildPhases = (
				B43C51FC1807F4C5004A50CE /* Sources */,
				B43C51FD1807F4C5004A50CE /* Frameworks */,
				B43C51FE1807F4C5004A50CE /* Resources */,
			);
			buildRules = (
			);
			dependencies = (
			);
			name = RDVToolkit;
			productName = RDVToolkit;
			productReference = B43C52001807F4C5004A50CE /* RDVToolkit.app */;
			productType = "com.apple.product-type.application";
		};
/* End PBXNativeTarget section */

/* Begin PBXProject section */
		B43C51F81807F4C5004A50CE /* Project object */ = {
			isa = PBXProject;
			attributes = {
				CLASSPREFIX = RDV;
				LastUpgradeCheck = 0500;
				ORGANIZATIONNAME = "Robert Dimitrov";
			};
			buildConfigurationList = B43C51FB1807F4C5004A50CE /* Build configuration list for PBXProject "RDVToolkit" */;
			compatibilityVersion = "Xcode 3.2";
			developmentRegion = English;
			hasScannedForEncodings = 0;
			knownRegions = (
				en,
			);
			mainGroup = B43C51F71807F4C5004A50CE;
			productRefGroup = B43C52011807F4C5004A50CE /* Products */;
			projectDirPath = "";
			projectRoot = "";
			targets = (
				B43C51FF1807F4C5004A50CE /* RDVToolkit */,
			);
		};
/* End PBXProject section */

/* Begin PBXResourcesBuildPhase section */
		B43C51FE1807F4C5004A50CE /* Resources */ = {
			isa = PBXResourcesBuildPhase;
			buildActionMask = 2147483647;
			files = (
				B42CD16418092F73004032A4 /* LICENSE in Resources */,
				B42CD15318092D45004032A4 /* InfoPlist.strings in Resources */,
				B42CD16518092F73004032A4 /* README.md in Resources */,
				B44D341C180A784E0026501A /* selectionview_selection_indicator@2x.png in Resources */,
				B42CD15A18092DCA004032A4 /* Default-568h@2x.png in Resources */,
				B44D341B180A784E0026501A /* selectionview_selection_indicator.png in Resources */,
			);
			runOnlyForDeploymentPostprocessing = 0;
		};
/* End PBXResourcesBuildPhase section */

/* Begin PBXSourcesBuildPhase section */
		B43C51FC1807F4C5004A50CE /* Sources */ = {
			isa = PBXSourcesBuildPhase;
			buildActionMask = 2147483647;
			files = (
				B46385231809F95A00ED7454 /* RDVNotificationView.m in Sources */,
				B42CD15418092D45004032A4 /* main.m in Sources */,
				B46385221809F95A00ED7454 /* RDVTableViewController.m in Sources */,
				B42421BF1834271200B22E88 /* RDVMenuCell.m in Sources */,
				B463851E1809F95A00ED7454 /* UIFont+RDVToolkitAdditions.m in Sources */,
				B42CD16118092F51004032A4 /* RDVAppDelegate.m in Sources */,
				B401FC6D183170250089FC4C /* UIColor+RDVToolkitAdditions.m in Sources */,
				B463851F1809F95A00ED7454 /* UITableViewCell+RDVToolkitAdditions.m in Sources */,
				B42421C21834273300B22E88 /* RDVCircularImageView.m in Sources */,
				B4192737180931A900CDA378 /* RDVMenuViewController.m in Sources */,
				B463851D1809F95A00ED7454 /* UIDevice+RDVToolkitAdditions.m in Sources */,
				B46385211809F95A00ED7454 /* RDVScrollViewController.m in Sources */,
				B46385241809F95A00ED7454 /* RDVSelectionView.m in Sources */,
				B46385201809F95A00ED7454 /* UIViewController+RDVToolkitAdditions.m in Sources */,
			);
			runOnlyForDeploymentPostprocessing = 0;
		};
/* End PBXSourcesBuildPhase section */

/* Begin PBXVariantGroup section */
		B42CD14C18092D45004032A4 /* InfoPlist.strings */ = {
			isa = PBXVariantGroup;
			children = (
				B42CD14D18092D45004032A4 /* en */,
			);
			name = InfoPlist.strings;
			sourceTree = "<group>";
		};
/* End PBXVariantGroup section */

/* Begin XCBuildConfiguration section */
		B43C522A1807F4C5004A50CE /* Debug */ = {
			isa = XCBuildConfiguration;
			buildSettings = {
				ALWAYS_SEARCH_USER_PATHS = NO;
				ARCHS = "$(ARCHS_STANDARD_INCLUDING_64_BIT)";
				CLANG_CXX_LANGUAGE_STANDARD = "gnu++0x";
				CLANG_CXX_LIBRARY = "libc++";
				CLANG_ENABLE_MODULES = YES;
				CLANG_ENABLE_OBJC_ARC = YES;
				CLANG_WARN_BOOL_CONVERSION = YES;
				CLANG_WARN_CONSTANT_CONVERSION = YES;
				CLANG_WARN_DIRECT_OBJC_ISA_USAGE = YES_ERROR;
				CLANG_WARN_EMPTY_BODY = YES;
				CLANG_WARN_ENUM_CONVERSION = YES;
				CLANG_WARN_INT_CONVERSION = YES;
				CLANG_WARN_OBJC_ROOT_CLASS = YES_ERROR;
				CLANG_WARN__DUPLICATE_METHOD_MATCH = YES;
				"CODE_SIGN_IDENTITY[sdk=iphoneos*]" = "iPhone Developer";
				COPY_PHASE_STRIP = NO;
				GCC_C_LANGUAGE_STANDARD = gnu99;
				GCC_DYNAMIC_NO_PIC = NO;
				GCC_OPTIMIZATION_LEVEL = 0;
				GCC_PREPROCESSOR_DEFINITIONS = (
					"DEBUG=1",
					"$(inherited)",
				);
				GCC_SYMBOLS_PRIVATE_EXTERN = NO;
				GCC_WARN_64_TO_32_BIT_CONVERSION = YES;
				GCC_WARN_ABOUT_RETURN_TYPE = YES_ERROR;
				GCC_WARN_UNDECLARED_SELECTOR = YES;
				GCC_WARN_UNINITIALIZED_AUTOS = YES;
				GCC_WARN_UNUSED_FUNCTION = YES;
				GCC_WARN_UNUSED_VARIABLE = YES;
				IPHONEOS_DEPLOYMENT_TARGET = 7.0;
				ONLY_ACTIVE_ARCH = YES;
				SDKROOT = iphoneos;
				TARGETED_DEVICE_FAMILY = "1,2";
			};
			name = Debug;
		};
		B43C522B1807F4C5004A50CE /* Release */ = {
			isa = XCBuildConfiguration;
			buildSettings = {
				ALWAYS_SEARCH_USER_PATHS = NO;
				ARCHS = "$(ARCHS_STANDARD_INCLUDING_64_BIT)";
				CLANG_CXX_LANGUAGE_STANDARD = "gnu++0x";
				CLANG_CXX_LIBRARY = "libc++";
				CLANG_ENABLE_MODULES = YES;
				CLANG_ENABLE_OBJC_ARC = YES;
				CLANG_WARN_BOOL_CONVERSION = YES;
				CLANG_WARN_CONSTANT_CONVERSION = YES;
				CLANG_WARN_DIRECT_OBJC_ISA_USAGE = YES_ERROR;
				CLANG_WARN_EMPTY_BODY = YES;
				CLANG_WARN_ENUM_CONVERSION = YES;
				CLANG_WARN_INT_CONVERSION = YES;
				CLANG_WARN_OBJC_ROOT_CLASS = YES_ERROR;
				CLANG_WARN__DUPLICATE_METHOD_MATCH = YES;
				"CODE_SIGN_IDENTITY[sdk=iphoneos*]" = "iPhone Developer";
				COPY_PHASE_STRIP = YES;
				ENABLE_NS_ASSERTIONS = NO;
				GCC_C_LANGUAGE_STANDARD = gnu99;
				GCC_WARN_64_TO_32_BIT_CONVERSION = YES;
				GCC_WARN_ABOUT_RETURN_TYPE = YES_ERROR;
				GCC_WARN_UNDECLARED_SELECTOR = YES;
				GCC_WARN_UNINITIALIZED_AUTOS = YES;
				GCC_WARN_UNUSED_FUNCTION = YES;
				GCC_WARN_UNUSED_VARIABLE = YES;
				IPHONEOS_DEPLOYMENT_TARGET = 7.0;
				SDKROOT = iphoneos;
				TARGETED_DEVICE_FAMILY = "1,2";
				VALIDATE_PRODUCT = YES;
			};
			name = Release;
		};
		B43C522D1807F4C5004A50CE /* Debug */ = {
			isa = XCBuildConfiguration;
			buildSettings = {
				GCC_PRECOMPILE_PREFIX_HEADER = YES;
				GCC_PREFIX_HEADER = "Example/RDVToolkit-Prefix.pch";
				INFOPLIST_FILE = "$(SRCROOT)/Example/RDVToolkit-Info.plist";
				IPHONEOS_DEPLOYMENT_TARGET = 5.0;
				PRODUCT_NAME = "$(TARGET_NAME)";
				VALID_ARCHS = "armv7 armv7s";
				WRAPPER_EXTENSION = app;
			};
			name = Debug;
		};
		B43C522E1807F4C5004A50CE /* Release */ = {
			isa = XCBuildConfiguration;
			buildSettings = {
				GCC_PRECOMPILE_PREFIX_HEADER = YES;
				GCC_PREFIX_HEADER = "Example/RDVToolkit-Prefix.pch";
				INFOPLIST_FILE = "$(SRCROOT)/Example/RDVToolkit-Info.plist";
				IPHONEOS_DEPLOYMENT_TARGET = 5.0;
				PRODUCT_NAME = "$(TARGET_NAME)";
				VALID_ARCHS = "armv7 armv7s";
				WRAPPER_EXTENSION = app;
			};
			name = Release;
		};
/* End XCBuildConfiguration section */

/* Begin XCConfigurationList section */
		B43C51FB1807F4C5004A50CE /* Build configuration list for PBXProject "RDVToolkit" */ = {
			isa = XCConfigurationList;
			buildConfigurations = (
				B43C522A1807F4C5004A50CE /* Debug */,
				B43C522B1807F4C5004A50CE /* Release */,
			);
			defaultConfigurationIsVisible = 0;
			defaultConfigurationName = Release;
		};
		B43C522C1807F4C5004A50CE /* Build configuration list for PBXNativeTarget "RDVToolkit" */ = {
			isa = XCConfigurationList;
			buildConfigurations = (
				B43C522D1807F4C5004A50CE /* Debug */,
				B43C522E1807F4C5004A50CE /* Release */,
			);
			defaultConfigurationIsVisible = 0;
			defaultConfigurationName = Release;
		};
/* End XCConfigurationList section */
	};
	rootObject = B43C51F81807F4C5004A50CE /* Project object */;
}
